
Microsoft Visual Studio Solution File, Format Version 12.00
# Visual Studio Version 17
VisualStudioVersion = 17.13.35919.96 d17.13
MinimumVisualStudioVersion = 10.0.40219.1
Project("{FAE04EC0-301F-11D3-BF4B-00C04F79EFBC}") = "Inter-seller-task", "Inter-seller-task\Inter-seller-task.csproj", "{5D1F6FAB-A207-4CF0-AF99-C1F8139A3BE9}"
EndProject
Global
	GlobalSection(SolutionConfigurationPlatforms) = preSolution
		Debug|Any CPU = Debug|Any CPU
		Release|Any CPU = Release|Any CPU
	EndGlobalSection
	GlobalSection(ProjectConfigurationPlatforms) = postSolution
		{5D1F6FAB-A207-4CF0-AF99-C1F8139A3BE9}.Debug|Any CPU.ActiveCfg = Debug|Any CPU
		{5D1F6FAB-A207-4CF0-AF99-C1F8139A3BE9}.Debug|Any CPU.Build.0 = Debug|Any CPU
		{5D1F6FAB-A207-4CF0-AF99-C1F8139A3BE9}.Release|Any CPU.ActiveCfg = Release|Any CPU
		{5D1F6FAB-A207-4CF0-AF99-C1F8139A3BE9}.Release|Any CPU.Build.0 = Release|Any CPU
	EndGlobalSection
	GlobalSection(SolutionProperties) = preSolution
		HideSolutionNode = FALSE
	EndGlobalSection
	GlobalSection(ExtensibilityGlobals) = postSolution
		SolutionGuid = {2CFC9426-9670-4402-ADA5-575CC25F7E5D}
	EndGlobalSection
EndGlobal
